
Microsoft Visual Studio Solution File, Format Version 12.00
# Visual Studio Version 16
VisualStudioVersion = 16.0.29311.281
MinimumVisualStudioVersion = 10.0.40219.1
Project("{FAE04EC0-301F-11D3-BF4B-00C04F79EFBC}") = "TA.WinFormsControls", "TA.WinFormsControls\TA.WinFormsControls.csproj", "{35A88E2C-6B73-4E17-A37D-2F579CDE4A87}"
EndProject
Project("{FAE04EC0-301F-11D3-BF4B-00C04F79EFBC}") = "TA.WinFormsControls.TestApplication", "TA.WinFormsControls.TestApplication\TA.WinFormsControls.TestApplication.csproj", "{D39891B1-EDE6-4388-9F89-B8B73AC3B458}"
EndProject
Global
	GlobalSection(SolutionConfigurationPlatforms) = preSolution
		Debug|Any CPU = Debug|Any CPU
		Release|Any CPU = Release|Any CPU
	EndGlobalSection
	GlobalSection(ProjectConfigurationPlatforms) = postSolution
		{35A88E2C-6B73-4E17-A37D-2F579CDE4A87}.Debug|Any CPU.ActiveCfg = Debug|Any CPU
		{35A88E2C-6B73-4E17-A37D-2F579CDE4A87}.Debug|Any CPU.Build.0 = Debug|Any CPU
		{35A88E2C-6B73-4E17-A37D-2F579CDE4A87}.Release|Any CPU.ActiveCfg = Release|Any CPU
		{35A88E2C-6B73-4E17-A37D-2F579CDE4A87}.Release|Any CPU.Build.0 = Release|Any CPU
		{D39891B1-EDE6-4388-9F89-B8B73AC3B458}.Debug|Any CPU.ActiveCfg = Debug|Any CPU
		{D39891B1-EDE6-4388-9F89-B8B73AC3B458}.Debug|Any CPU.Build.0 = Debug|Any CPU
		{D39891B1-EDE6-4388-9F89-B8B73AC3B458}.Release|Any CPU.ActiveCfg = Release|Any CPU
		{D39891B1-EDE6-4388-9F89-B8B73AC3B458}.Release|Any CPU.Build.0 = Release|Any CPU
	EndGlobalSection
	GlobalSection(SolutionProperties) = preSolution
		HideSolutionNode = FALSE
	EndGlobalSection
	GlobalSection(ExtensibilityGlobals) = postSolution
		SolutionGuid = {CDFABC3A-F3FC-48FA-BE7B-61091B956094}
	EndGlobalSection
EndGlobal
